
Microsoft Visual Studio Solution File, Format Version 12.00
# Visual Studio Version 17
VisualStudioVersion = 17.1.32407.343
MinimumVisualStudioVersion = 10.0.40219.1
Project("{FAE04EC0-301F-11D3-BF4B-00C04F79EFBC}") = "AccessModifiers", "AccessModifiers\AccessModifiers.csproj", "{A16AB9C8-3DAC-4A1A-884E-E540A2DBE1C7}"
EndProject
Project("{FAE04EC0-301F-11D3-BF4B-00C04F79EFBC}") = "ConsoleUI", "ConsoleUI\ConsoleUI.csproj", "{6CAB88B8-DBC2-4512-AD38-0C0C78BAEF9B}"
EndProject
Global
	GlobalSection(SolutionConfigurationPlatforms) = preSolution
		Debug|Any CPU = Debug|Any CPU
		Release|Any CPU = Release|Any CPU
	EndGlobalSection
	GlobalSection(ProjectConfigurationPlatforms) = postSolution
		{A16AB9C8-3DAC-4A1A-884E-E540A2DBE1C7}.Debug|Any CPU.ActiveCfg = Debug|Any CPU
		{A16AB9C8-3DAC-4A1A-884E-E540A2DBE1C7}.Debug|Any CPU.Build.0 = Debug|Any CPU
		{A16AB9C8-3DAC-4A1A-884E-E540A2DBE1C7}.Release|Any CPU.ActiveCfg = Release|Any CPU
		{A16AB9C8-3DAC-4A1A-884E-E540A2DBE1C7}.Release|Any CPU.Build.0 = Release|Any CPU
		{6CAB88B8-DBC2-4512-AD38-0C0C78BAEF9B}.Debug|Any CPU.ActiveCfg = Debug|Any CPU
		{6CAB88B8-DBC2-4512-AD38-0C0C78BAEF9B}.Debug|Any CPU.Build.0 = Debug|Any CPU
		{6CAB88B8-DBC2-4512-AD38-0C0C78BAEF9B}.Release|Any CPU.ActiveCfg = Release|Any CPU
		{6CAB88B8-DBC2-4512-AD38-0C0C78BAEF9B}.Release|Any CPU.Build.0 = Release|Any CPU
	EndGlobalSection
	GlobalSection(SolutionProperties) = preSolution
		HideSolutionNode = FALSE
	EndGlobalSection
	GlobalSection(ExtensibilityGlobals) = postSolution
		SolutionGuid = {DF47FC6E-BEC3-4F29-BC27-B982FD258081}
	EndGlobalSection
EndGlobal
